<Solution>
  <Project Path="BusinessLayer/Business.csproj" />
  <Project Path="DataAccessLayer/DataAccess.csproj" />
  <Project Path="docker-compose.dcproj">
    <Build />
  </Project>
  <Project Path="Domain/Domain.csproj" />
  <Project Path="PresentationLayer/Presentation.csproj" />
  <Project Path="UnitTests/UnitTests.csproj" Id="2655f833-6418-486c-809a-cf8acc3c5f83" />
</Solution>
